// !$*UTF8*$!
{
	archiveVersion = 1;
	classes = {
	};
	objectVersion = 55;
	objects = {

/* Begin PBXBuildFile section */
		AC9442E9280E9EAD0047C75A /* TitleView.swift in Sources */ = {isa = PBXBuildFile; fileRef = AC9442E8280E9EAD0047C75A /* TitleView.swift */; };
		AC9442EB280E9FF00047C75A /* ProductModel.swift in Sources */ = {isa = PBXBuildFile; fileRef = AC9442EA280E9FF00047C75A /* ProductModel.swift */; };
		AC9442ED280EA0CB0047C75A /* ProductItemView.swift in Sources */ = {isa = PBXBuildFile; fileRef = AC9442EC280EA0CB0047C75A /* ProductItemView.swift */; };
		ACC71B6F280969BA00F2D33E /* TouchdownApp.swift in Sources */ = {isa = PBXBuildFile; fileRef = ACC71B6E280969BA00F2D33E /* TouchdownApp.swift */; };
		ACC71B71280969BA00F2D33E /* ContentView.swift in Sources */ = {isa = PBXBuildFile; fileRef = ACC71B70280969BA00F2D33E /* ContentView.swift */; };
		ACC71B73280969BC00F2D33E /* Assets.xcassets in Resources */ = {isa = PBXBuildFile; fileRef = ACC71B72280969BC00F2D33E /* Assets.xcassets */; };
		ACC71B76280969BC00F2D33E /* Preview Assets.xcassets in Resources */ = {isa = PBXBuildFile; fileRef = ACC71B75280969BC00F2D33E /* Preview Assets.xcassets */; };
		ACC71B8028096ACE00F2D33E /* product.json in Resources */ = {isa = PBXBuildFile; fileRef = ACC71B7C28096ACE00F2D33E /* product.json */; };
		ACC71B8128096ACE00F2D33E /* category.json in Resources */ = {isa = PBXBuildFile; fileRef = ACC71B7D28096ACE00F2D33E /* category.json */; };
		ACC71B8228096ACE00F2D33E /* player.json in Resources */ = {isa = PBXBuildFile; fileRef = ACC71B7E28096ACE00F2D33E /* player.json */; };
		ACC71B8328096ACE00F2D33E /* brand.json in Resources */ = {isa = PBXBuildFile; fileRef = ACC71B7F28096ACE00F2D33E /* brand.json */; };
		ACC71B8E28096D4500F2D33E /* Constant.swift in Sources */ = {isa = PBXBuildFile; fileRef = ACC71B8D28096D4500F2D33E /* Constant.swift */; };
		ACC71B9028096EE400F2D33E /* FooterView.swift in Sources */ = {isa = PBXBuildFile; fileRef = ACC71B8F28096EE400F2D33E /* FooterView.swift */; };
		ACC71B92280995ED00F2D33E /* NavigationBarVIew.swift in Sources */ = {isa = PBXBuildFile; fileRef = ACC71B91280995ED00F2D33E /* NavigationBarVIew.swift */; };
		ACC71B942809974000F2D33E /* LogoView.swift in Sources */ = {isa = PBXBuildFile; fileRef = ACC71B932809974000F2D33E /* LogoView.swift */; };
		ACC71B962809C64300F2D33E /* PlayerModel.swift in Sources */ = {isa = PBXBuildFile; fileRef = ACC71B952809C64300F2D33E /* PlayerModel.swift */; };
		ACC71B982809C67A00F2D33E /* CodableBundeExtension.swift in Sources */ = {isa = PBXBuildFile; fileRef = ACC71B972809C67A00F2D33E /* CodableBundeExtension.swift */; };
		ACC71B9A2809C9A100F2D33E /* FeaturedItemView.swift in Sources */ = {isa = PBXBuildFile; fileRef = ACC71B992809C9A100F2D33E /* FeaturedItemView.swift */; };
		ACC71B9C2809CA5D00F2D33E /* FeaturedTabView.swift in Sources */ = {isa = PBXBuildFile; fileRef = ACC71B9B2809CA5D00F2D33E /* FeaturedTabView.swift */; };
		ACC71B9E2809CF9900F2D33E /* CategoryModel.swift in Sources */ = {isa = PBXBuildFile; fileRef = ACC71B9D2809CF9900F2D33E /* CategoryModel.swift */; };
		ACC71BA22809D13C00F2D33E /* CategoryItemView.swift in Sources */ = {isa = PBXBuildFile; fileRef = ACC71BA12809D13C00F2D33E /* CategoryItemView.swift */; };
		ACC71BA42809D2CD00F2D33E /* CategoryGridView.swift in Sources */ = {isa = PBXBuildFile; fileRef = ACC71BA32809D2CD00F2D33E /* CategoryGridView.swift */; };
		ACC71BA62809D46300F2D33E /* SectionView.swift in Sources */ = {isa = PBXBuildFile; fileRef = ACC71BA52809D46300F2D33E /* SectionView.swift */; };
/* End PBXBuildFile section */

/* Begin PBXFileReference section */
		AC9442E8280E9EAD0047C75A /* TitleView.swift */ = {isa = PBXFileReference; lastKnownFileType = sourcecode.swift; path = TitleView.swift; sourceTree = "<group>"; };
		AC9442EA280E9FF00047C75A /* ProductModel.swift */ = {isa = PBXFileReference; lastKnownFileType = sourcecode.swift; path = ProductModel.swift; sourceTree = "<group>"; };
		AC9442EC280EA0CB0047C75A /* ProductItemView.swift */ = {isa = PBXFileReference; lastKnownFileType = sourcecode.swift; path = ProductItemView.swift; sourceTree = "<group>"; };
		ACC71B6B280969BA00F2D33E /* Touchdown.app */ = {isa = PBXFileReference; explicitFileType = wrapper.application; includeInIndex = 0; path = Touchdown.app; sourceTree = BUILT_PRODUCTS_DIR; };
		ACC71B6E280969BA00F2D33E /* TouchdownApp.swift */ = {isa = PBXFileReference; lastKnownFileType = sourcecode.swift; path = TouchdownApp.swift; sourceTree = "<group>"; };
		ACC71B70280969BA00F2D33E /* ContentView.swift */ = {isa = PBXFileReference; lastKnownFileType = sourcecode.swift; path = ContentView.swift; sourceTree = "<group>"; };
		ACC71B72280969BC00F2D33E /* Assets.xcassets */ = {isa = PBXFileReference; lastKnownFileType = folder.assetcatalog; path = Assets.xcassets; sourceTree = "<group>"; };
		ACC71B75280969BC00F2D33E /* Preview Assets.xcassets */ = {isa = PBXFileReference; lastKnownFileType = folder.assetcatalog; path = "Preview Assets.xcassets"; sourceTree = "<group>"; };
		ACC71B7C28096ACE00F2D33E /* product.json */ = {isa = PBXFileReference; fileEncoding = 4; lastKnownFileType = text.json; path = product.json; sourceTree = "<group>"; };
		ACC71B7D28096ACE00F2D33E /* category.json */ = {isa = PBXFileReference; fileEncoding = 4; lastKnownFileType = text.json; path = category.json; sourceTree = "<group>"; };
		ACC71B7E28096ACE00F2D33E /* player.json */ = {isa = PBXFileReference; fileEncoding = 4; lastKnownFileType = text.json; path = player.json; sourceTree = "<group>"; };
		ACC71B7F28096ACE00F2D33E /* brand.json */ = {isa = PBXFileReference; fileEncoding = 4; lastKnownFileType = text.json; path = brand.json; sourceTree = "<group>"; };
		ACC71B8528096B2100F2D33E /* Info.plist */ = {isa = PBXFileReference; lastKnownFileType = text.plist; path = Info.plist; sourceTree = "<group>"; };
		ACC71B8D28096D4500F2D33E /* Constant.swift */ = {isa = PBXFileReference; lastKnownFileType = sourcecode.swift; path = Constant.swift; sourceTree = "<group>"; };
		ACC71B8F28096EE400F2D33E /* FooterView.swift */ = {isa = PBXFileReference; lastKnownFileType = sourcecode.swift; path = FooterView.swift; sourceTree = "<group>"; };
		ACC71B91280995ED00F2D33E /* NavigationBarVIew.swift */ = {isa = PBXFileReference; lastKnownFileType = sourcecode.swift; path = NavigationBarVIew.swift; sourceTree = "<group>"; };
		ACC71B932809974000F2D33E /* LogoView.swift */ = {isa = PBXFileReference; lastKnownFileType = sourcecode.swift; path = LogoView.swift; sourceTree = "<group>"; };
		ACC71B952809C64300F2D33E /* PlayerModel.swift */ = {isa = PBXFileReference; lastKnownFileType = sourcecode.swift; path = PlayerModel.swift; sourceTree = "<group>"; };
		ACC71B972809C67A00F2D33E /* CodableBundeExtension.swift */ = {isa = PBXFileReference; lastKnownFileType = sourcecode.swift; path = CodableBundeExtension.swift; sourceTree = "<group>"; };
		ACC71B992809C9A100F2D33E /* FeaturedItemView.swift */ = {isa = PBXFileReference; lastKnownFileType = sourcecode.swift; path = FeaturedItemView.swift; sourceTree = "<group>"; };
		ACC71B9B2809CA5D00F2D33E /* FeaturedTabView.swift */ = {isa = PBXFileReference; lastKnownFileType = sourcecode.swift; path = FeaturedTabView.swift; sourceTree = "<group>"; };
		ACC71B9D2809CF9900F2D33E /* CategoryModel.swift */ = {isa = PBXFileReference; lastKnownFileType = sourcecode.swift; path = CategoryModel.swift; sourceTree = "<group>"; };
		ACC71BA12809D13C00F2D33E /* CategoryItemView.swift */ = {isa = PBXFileReference; lastKnownFileType = sourcecode.swift; path = CategoryItemView.swift; sourceTree = "<group>"; };
		ACC71BA32809D2CD00F2D33E /* CategoryGridView.swift */ = {isa = PBXFileReference; lastKnownFileType = sourcecode.swift; path = CategoryGridView.swift; sourceTree = "<group>"; };
		ACC71BA52809D46300F2D33E /* SectionView.swift */ = {isa = PBXFileReference; lastKnownFileType = sourcecode.swift; path = SectionView.swift; sourceTree = "<group>"; };
/* End PBXFileReference section */

/* Begin PBXFrameworksBuildPhase section */
		ACC71B68280969BA00F2D33E /* Frameworks */ = {
			isa = PBXFrameworksBuildPhase;
			buildActionMask = 2147483647;
			files = (
			);
			runOnlyForDeploymentPostprocessing = 0;
		};
/* End PBXFrameworksBuildPhase section */

/* Begin PBXGroup section */
		ACC71B62280969BA00F2D33E = {
			isa = PBXGroup;
			children = (
				ACC71B6D280969BA00F2D33E /* Touchdown */,
				ACC71B6C280969BA00F2D33E /* Products */,
			);
			sourceTree = "<group>";
		};
		ACC71B6C280969BA00F2D33E /* Products */ = {
			isa = PBXGroup;
			children = (
				ACC71B6B280969BA00F2D33E /* Touchdown.app */,
			);
			name = Products;
			sourceTree = "<group>";
		};
		ACC71B6D280969BA00F2D33E /* Touchdown */ = {
			isa = PBXGroup;
			children = (
				ACC71B8628096C2B00F2D33E /* App */,
				ACC71B8728096C3300F2D33E /* View */,
				ACC71B8428096AF500F2D33E /* Data */,
				ACC71B8A28096C4500F2D33E /* Model */,
				ACC71B8B28096C4B00F2D33E /* Extension */,
				ACC71B8C28096C5200F2D33E /* Utility */,
				ACC71B8528096B2100F2D33E /* Info.plist */,
				ACC71B72280969BC00F2D33E /* Assets.xcassets */,
				ACC71B74280969BC00F2D33E /* Preview Content */,
			);
			path = Touchdown;
			sourceTree = "<group>";
		};
		ACC71B74280969BC00F2D33E /* Preview Content */ = {
			isa = PBXGroup;
			children = (
				ACC71B75280969BC00F2D33E /* Preview Assets.xcassets */,
			);
			path = "Preview Content";
			sourceTree = "<group>";
		};
		ACC71B8428096AF500F2D33E /* Data */ = {
			isa = PBXGroup;
			children = (
				ACC71B7F28096ACE00F2D33E /* brand.json */,
				ACC71B7D28096ACE00F2D33E /* category.json */,
				ACC71B7E28096ACE00F2D33E /* player.json */,
				ACC71B7C28096ACE00F2D33E /* product.json */,
			);
			path = Data;
			sourceTree = "<group>";
		};
		ACC71B8628096C2B00F2D33E /* App */ = {
			isa = PBXGroup;
			children = (
				ACC71B6E280969BA00F2D33E /* TouchdownApp.swift */,
				ACC71B70280969BA00F2D33E /* ContentView.swift */,
			);
			path = App;
			sourceTree = "<group>";
		};
		ACC71B8728096C3300F2D33E /* View */ = {
			isa = PBXGroup;
			children = (
				ACC71B8828096C3800F2D33E /* Home */,
				ACC71B8928096C3E00F2D33E /* Detail */,
			);
			path = View;
			sourceTree = "<group>";
		};
		ACC71B8828096C3800F2D33E /* Home */ = {
			isa = PBXGroup;
			children = (
				ACC71B8F28096EE400F2D33E /* FooterView.swift */,
				ACC71B91280995ED00F2D33E /* NavigationBarVIew.swift */,
				ACC71B932809974000F2D33E /* LogoView.swift */,
				ACC71B992809C9A100F2D33E /* FeaturedItemView.swift */,
				ACC71B9B2809CA5D00F2D33E /* FeaturedTabView.swift */,
				ACC71BA12809D13C00F2D33E /* CategoryItemView.swift */,
				ACC71BA32809D2CD00F2D33E /* CategoryGridView.swift */,
				ACC71BA52809D46300F2D33E /* SectionView.swift */,
				AC9442E8280E9EAD0047C75A /* TitleView.swift */,
				AC9442EC280EA0CB0047C75A /* ProductItemView.swift */,
			);
			path = Home;
			sourceTree = "<group>";
		};
		ACC71B8928096C3E00F2D33E /* Detail */ = {
			isa = PBXGroup;
			children = (
			);
			path = Detail;
			sourceTree = "<group>";
		};
		ACC71B8A28096C4500F2D33E /* Model */ = {
			isa = PBXGroup;
			children = (
				ACC71B952809C64300F2D33E /* PlayerModel.swift */,
				ACC71B9D2809CF9900F2D33E /* CategoryModel.swift */,
				AC9442EA280E9FF00047C75A /* ProductModel.swift */,
			);
			path = Model;
			sourceTree = "<group>";
		};
		ACC71B8B28096C4B00F2D33E /* Extension */ = {
			isa = PBXGroup;
			children = (
				ACC71B972809C67A00F2D33E /* CodableBundeExtension.swift */,
			);
			path = Extension;
			sourceTree = "<group>";
		};
		ACC71B8C28096C5200F2D33E /* Utility */ = {
			isa = PBXGroup;
			children = (
				ACC71B8D28096D4500F2D33E /* Constant.swift */,
			);
			path = Utility;
			sourceTree = "<group>";
		};
/* End PBXGroup section */

/* Begin PBXNativeTarget section */
		ACC71B6A280969BA00F2D33E /* Touchdown */ = {
			isa = PBXNativeTarget;
			buildConfigurationList = ACC71B79280969BC00F2D33E /* Build configuration list for PBXNativeTarget "Touchdown" */;
			buildPhases = (
				ACC71B67280969BA00F2D33E /* Sources */,
				ACC71B68280969BA00F2D33E /* Frameworks */,
				ACC71B69280969BA00F2D33E /* Resources */,
			);
			buildRules = (
			);
			dependencies = (
			);
			name = Touchdown;
			productName = Touchdown;
			productReference = ACC71B6B280969BA00F2D33E /* Touchdown.app */;
			productType = "com.apple.product-type.application";
		};
/* End PBXNativeTarget section */

/* Begin PBXProject section */
		ACC71B63280969BA00F2D33E /* Project object */ = {
			isa = PBXProject;
			attributes = {
				BuildIndependentTargetsInParallel = 1;
				LastSwiftUpdateCheck = 1330;
				LastUpgradeCheck = 1330;
				TargetAttributes = {
					ACC71B6A280969BA00F2D33E = {
						CreatedOnToolsVersion = 13.3.1;
					};
				};
			};
			buildConfigurationList = ACC71B66280969BA00F2D33E /* Build configuration list for PBXProject "Touchdown" */;
			compatibilityVersion = "Xcode 13.0";
			developmentRegion = en;
			hasScannedForEncodings = 0;
			knownRegions = (
				en,
				Base,
			);
			mainGroup = ACC71B62280969BA00F2D33E;
			productRefGroup = ACC71B6C280969BA00F2D33E /* Products */;
			projectDirPath = "";
			projectRoot = "";
			targets = (
				ACC71B6A280969BA00F2D33E /* Touchdown */,
			);
		};
/* End PBXProject section */

/* Begin PBXResourcesBuildPhase section */
		ACC71B69280969BA00F2D33E /* Resources */ = {
			isa = PBXResourcesBuildPhase;
			buildActionMask = 2147483647;
			files = (
				ACC71B8228096ACE00F2D33E /* player.json in Resources */,
				ACC71B76280969BC00F2D33E /* Preview Assets.xcassets in Resources */,
				ACC71B73280969BC00F2D33E /* Assets.xcassets in Resources */,
				ACC71B8028096ACE00F2D33E /* product.json in Resources */,
				ACC71B8128096ACE00F2D33E /* category.json in Resources */,
				ACC71B8328096ACE00F2D33E /* brand.json in Resources */,
			);
			runOnlyForDeploymentPostprocessing = 0;
		};
/* End PBXResourcesBuildPhase section */

/* Begin PBXSourcesBuildPhase section */
		ACC71B67280969BA00F2D33E /* Sources */ = {
			isa = PBXSourcesBuildPhase;
			buildActionMask = 2147483647;
			files = (
				ACC71B71280969BA00F2D33E /* ContentView.swift in Sources */,
				ACC71B942809974000F2D33E /* LogoView.swift in Sources */,
				ACC71B9028096EE400F2D33E /* FooterView.swift in Sources */,
				ACC71B982809C67A00F2D33E /* CodableBundeExtension.swift in Sources */,
				ACC71B9A2809C9A100F2D33E /* FeaturedItemView.swift in Sources */,
				AC9442ED280EA0CB0047C75A /* ProductItemView.swift in Sources */,
				ACC71B92280995ED00F2D33E /* NavigationBarVIew.swift in Sources */,
				ACC71B6F280969BA00F2D33E /* TouchdownApp.swift in Sources */,
				ACC71BA42809D2CD00F2D33E /* CategoryGridView.swift in Sources */,
				ACC71B9E2809CF9900F2D33E /* CategoryModel.swift in Sources */,
				ACC71B8E28096D4500F2D33E /* Constant.swift in Sources */,
				ACC71BA62809D46300F2D33E /* SectionView.swift in Sources */,
				ACC71BA22809D13C00F2D33E /* CategoryItemView.swift in Sources */,
				ACC71B9C2809CA5D00F2D33E /* FeaturedTabView.swift in Sources */,
				ACC71B962809C64300F2D33E /* PlayerModel.swift in Sources */,
				AC9442E9280E9EAD0047C75A /* TitleView.swift in Sources */,
				AC9442EB280E9FF00047C75A /* ProductModel.swift in Sources */,
			);
			runOnlyForDeploymentPostprocessing = 0;
		};
/* End PBXSourcesBuildPhase section */

/* Begin XCBuildConfiguration section */
		ACC71B77280969BC00F2D33E /* Debug */ = {
			isa = XCBuildConfiguration;
			buildSettings = {
				ALWAYS_SEARCH_USER_PATHS = NO;
				CLANG_ANALYZER_NONNULL = YES;
				CLANG_ANALYZER_NUMBER_OBJECT_CONVERSION = YES_AGGRESSIVE;
				CLANG_CXX_LANGUAGE_STANDARD = "gnu++17";
				CLANG_ENABLE_MODULES = YES;
				CLANG_ENABLE_OBJC_ARC = YES;
				CLANG_ENABLE_OBJC_WEAK = YES;
				CLANG_WARN_BLOCK_CAPTURE_AUTORELEASING = YES;
				CLANG_WARN_BOOL_CONVERSION = YES;
				CLANG_WARN_COMMA = YES;
				CLANG_WARN_CONSTANT_CONVERSION = YES;
				CLANG_WARN_DEPRECATED_OBJC_IMPLEMENTATIONS = YES;
				CLANG_WARN_DIRECT_OBJC_ISA_USAGE = YES_ERROR;
				CLANG_WARN_DOCUMENTATION_COMMENTS = YES;
				CLANG_WARN_EMPTY_BODY = YES;
				CLANG_WARN_ENUM_CONVERSION = YES;
				CLANG_WARN_INFINITE_RECURSION = YES;
				CLANG_WARN_INT_CONVERSION = YES;
				CLANG_WARN_NON_LITERAL_NULL_CONVERSION = YES;
				CLANG_WARN_OBJC_IMPLICIT_RETAIN_SELF = YES;
				CLANG_WARN_OBJC_LITERAL_CONVERSION = YES;
				CLANG_WARN_OBJC_ROOT_CLASS = YES_ERROR;
				CLANG_WARN_QUOTED_INCLUDE_IN_FRAMEWORK_HEADER = YES;
				CLANG_WARN_RANGE_LOOP_ANALYSIS = YES;
				CLANG_WARN_STRICT_PROTOTYPES = YES;
				CLANG_WARN_SUSPICIOUS_MOVE = YES;
				CLANG_WARN_UNGUARDED_AVAILABILITY = YES_AGGRESSIVE;
				CLANG_WARN_UNREACHABLE_CODE = YES;
				CLANG_WARN__DUPLICATE_METHOD_MATCH = YES;
				COPY_PHASE_STRIP = NO;
				DEBUG_INFORMATION_FORMAT = dwarf;
				ENABLE_STRICT_OBJC_MSGSEND = YES;
				ENABLE_TESTABILITY = YES;
				GCC_C_LANGUAGE_STANDARD = gnu11;
				GCC_DYNAMIC_NO_PIC = NO;
				GCC_NO_COMMON_BLOCKS = YES;
				GCC_OPTIMIZATION_LEVEL = 0;
				GCC_PREPROCESSOR_DEFINITIONS = (
					"DEBUG=1",
					"$(inherited)",
				);
				GCC_WARN_64_TO_32_BIT_CONVERSION = YES;
				GCC_WARN_ABOUT_RETURN_TYPE = YES_ERROR;
				GCC_WARN_UNDECLARED_SELECTOR = YES;
				GCC_WARN_UNINITIALIZED_AUTOS = YES_AGGRESSIVE;
				GCC_WARN_UNUSED_FUNCTION = YES;
				GCC_WARN_UNUSED_VARIABLE = YES;
				IPHONEOS_DEPLOYMENT_TARGET = 15.4;
				MTL_ENABLE_DEBUG_INFO = INCLUDE_SOURCE;
				MTL_FAST_MATH = YES;
				ONLY_ACTIVE_ARCH = YES;
				SDKROOT = iphoneos;
				SWIFT_ACTIVE_COMPILATION_CONDITIONS = DEBUG;
				SWIFT_OPTIMIZATION_LEVEL = "-Onone";
			};
			name = Debug;
		};
		ACC71B78280969BC00F2D33E /* Release */ = {
			isa = XCBuildConfiguration;
			buildSettings = {
				ALWAYS_SEARCH_USER_PATHS = NO;
				CLANG_ANALYZER_NONNULL = YES;
				CLANG_ANALYZER_NUMBER_OBJECT_CONVERSION = YES_AGGRESSIVE;
				CLANG_CXX_LANGUAGE_STANDARD = "gnu++17";
				CLANG_ENABLE_MODULES = YES;
				CLANG_ENABLE_OBJC_ARC = YES;
				CLANG_ENABLE_OBJC_WEAK = YES;
				CLANG_WARN_BLOCK_CAPTURE_AUTORELEASING = YES;
				CLANG_WARN_BOOL_CONVERSION = YES;
				CLANG_WARN_COMMA = YES;
				CLANG_WARN_CONSTANT_CONVERSION = YES;
				CLANG_WARN_DEPRECATED_OBJC_IMPLEMENTATIONS = YES;
				CLANG_WARN_DIRECT_OBJC_ISA_USAGE = YES_ERROR;
				CLANG_WARN_DOCUMENTATION_COMMENTS = YES;
				CLANG_WARN_EMPTY_BODY = YES;
				CLANG_WARN_ENUM_CONVERSION = YES;
				CLANG_WARN_INFINITE_RECURSION = YES;
				CLANG_WARN_INT_CONVERSION = YES;
				CLANG_WARN_NON_LITERAL_NULL_CONVERSION = YES;
				CLANG_WARN_OBJC_IMPLICIT_RETAIN_SELF = YES;
				CLANG_WARN_OBJC_LITERAL_CONVERSION = YES;
				CLANG_WARN_OBJC_ROOT_CLASS = YES_ERROR;
				CLANG_WARN_QUOTED_INCLUDE_IN_FRAMEWORK_HEADER = YES;
				CLANG_WARN_RANGE_LOOP_ANALYSIS = YES;
				CLANG_WARN_STRICT_PROTOTYPES = YES;
				CLANG_WARN_SUSPICIOUS_MOVE = YES;
				CLANG_WARN_UNGUARDED_AVAILABILITY = YES_AGGRESSIVE;
				CLANG_WARN_UNREACHABLE_CODE = YES;
				CLANG_WARN__DUPLICATE_METHOD_MATCH = YES;
				COPY_PHASE_STRIP = NO;
				DEBUG_INFORMATION_FORMAT = "dwarf-with-dsym";
				ENABLE_NS_ASSERTIONS = NO;
				ENABLE_STRICT_OBJC_MSGSEND = YES;
				GCC_C_LANGUAGE_STANDARD = gnu11;
				GCC_NO_COMMON_BLOCKS = YES;
				GCC_WARN_64_TO_32_BIT_CONVERSION = YES;
				GCC_WARN_ABOUT_RETURN_TYPE = YES_ERROR;
				GCC_WARN_UNDECLARED_SELECTOR = YES;
				GCC_WARN_UNINITIALIZED_AUTOS = YES_AGGRESSIVE;
				GCC_WARN_UNUSED_FUNCTION = YES;
				GCC_WARN_UNUSED_VARIABLE = YES;
				IPHONEOS_DEPLOYMENT_TARGET = 15.4;
				MTL_ENABLE_DEBUG_INFO = NO;
				MTL_FAST_MATH = YES;
				SDKROOT = iphoneos;
				SWIFT_COMPILATION_MODE = wholemodule;
				SWIFT_OPTIMIZATION_LEVEL = "-O";
				VALIDATE_PRODUCT = YES;
			};
			name = Release;
		};
		ACC71B7A280969BC00F2D33E /* Debug */ = {
			isa = XCBuildConfiguration;
			buildSettings = {
				ASSETCATALOG_COMPILER_APPICON_NAME = AppIcon;
				ASSETCATALOG_COMPILER_GLOBAL_ACCENT_COLOR_NAME = AccentColor;
				CODE_SIGN_STYLE = Automatic;
				CURRENT_PROJECT_VERSION = 1;
				DEVELOPMENT_ASSET_PATHS = "\"Touchdown/Preview Content\"";
				DEVELOPMENT_TEAM = NJWKSQXR8C;
				ENABLE_PREVIEWS = YES;
				GENERATE_INFOPLIST_FILE = YES;
				INFOPLIST_FILE = Touchdown/Info.plist;
				INFOPLIST_KEY_UIApplicationSceneManifest_Generation = YES;
				INFOPLIST_KEY_UIApplicationSupportsIndirectInputEvents = YES;
				INFOPLIST_KEY_UISupportedInterfaceOrientations = UIInterfaceOrientationPortrait;
				INFOPLIST_KEY_UISupportedInterfaceOrientations_iPad = "UIInterfaceOrientationPortrait UIInterfaceOrientationPortraitUpsideDown UIInterfaceOrientationLandscapeLeft UIInterfaceOrientationLandscapeRight";
				INFOPLIST_KEY_UISupportedInterfaceOrientations_iPhone = "UIInterfaceOrientationPortrait UIInterfaceOrientationLandscapeLeft UIInterfaceOrientationLandscapeRight";
				INFOPLIST_KEY_UIUserInterfaceStyle = Light;
				LD_RUNPATH_SEARCH_PATHS = (
					"$(inherited)",
					"@executable_path/Frameworks",
				);
				MARKETING_VERSION = 1.0;
				PRODUCT_BUNDLE_IDENTIFIER = "Alexandre-Narek.Touchdown";
				PRODUCT_NAME = "$(TARGET_NAME)";
				SWIFT_EMIT_LOC_STRINGS = YES;
				SWIFT_VERSION = 5.0;
				TARGETED_DEVICE_FAMILY = "1,2";
			};
			name = Debug;
		};
		ACC71B7B280969BC00F2D33E /* Release */ = {
			isa = XCBuildConfiguration;
			buildSettings = {
				ASSETCATALOG_COMPILER_APPICON_NAME = AppIcon;
				ASSETCATALOG_COMPILER_GLOBAL_ACCENT_COLOR_NAME = AccentColor;
				CODE_SIGN_STYLE = Automatic;
				CURRENT_PROJECT_VERSION = 1;
				DEVELOPMENT_ASSET_PATHS = "\"Touchdown/Preview Content\"";
				DEVELOPMENT_TEAM = NJWKSQXR8C;
				ENABLE_PREVIEWS = YES;
				GENERATE_INFOPLIST_FILE = YES;
				INFOPLIST_FILE = Touchdown/Info.plist;
				INFOPLIST_KEY_UIApplicationSceneManifest_Generation = YES;
				INFOPLIST_KEY_UIApplicationSupportsIndirectInputEvents = YES;
				INFOPLIST_KEY_UISupportedInterfaceOrientations = UIInterfaceOrientationPortrait;
				INFOPLIST_KEY_UISupportedInterfaceOrientations_iPad = "UIInterfaceOrientationPortrait UIInterfaceOrientationPortraitUpsideDown UIInterfaceOrientationLandscapeLeft UIInterfaceOrientationLandscapeRight";
				INFOPLIST_KEY_UISupportedInterfaceOrientations_iPhone = "UIInterfaceOrientationPortrait UIInterfaceOrientationLandscapeLeft UIInterfaceOrientationLandscapeRight";
				INFOPLIST_KEY_UIUserInterfaceStyle = Light;
				LD_RUNPATH_SEARCH_PATHS = (
					"$(inherited)",
					"@executable_path/Frameworks",
				);
				MARKETING_VERSION = 1.0;
				PRODUCT_BUNDLE_IDENTIFIER = "Alexandre-Narek.Touchdown";
				PRODUCT_NAME = "$(TARGET_NAME)";
				SWIFT_EMIT_LOC_STRINGS = YES;
				SWIFT_VERSION = 5.0;
				TARGETED_DEVICE_FAMILY = "1,2";
			};
			name = Release;
		};
/* End XCBuildConfiguration section */

/* Begin XCConfigurationList section */
		ACC71B66280969BA00F2D33E /* Build configuration list for PBXProject "Touchdown" */ = {
			isa = XCConfigurationList;
			buildConfigurations = (
				ACC71B77280969BC00F2D33E /* Debug */,
				ACC71B78280969BC00F2D33E /* Release */,
			);
			defaultConfigurationIsVisible = 0;
			defaultConfigurationName = Release;
		};
		ACC71B79280969BC00F2D33E /* Build configuration list for PBXNativeTarget "Touchdown" */ = {
			isa = XCConfigurationList;
			buildConfigurations = (
				ACC71B7A280969BC00F2D33E /* Debug */,
				ACC71B7B280969BC00F2D33E /* Release */,
			);
			defaultConfigurationIsVisible = 0;
			defaultConfigurationName = Release;
		};
/* End XCConfigurationList section */
	};
	rootObject = ACC71B63280969BA00F2D33E /* Project object */;
}
